
Microsoft Visual Studio Solution File, Format Version 12.00
# Visual Studio Version 16
VisualStudioVersion = 16.0.31005.135
MinimumVisualStudioVersion = 10.0.40219.1
Project("{FAE04EC0-301F-11D3-BF4B-00C04F79EFBC}") = "PartyInvites", "PartyInvites.csproj", "{A2A59958-3027-4653-A7C8-4073C6C26AA5}"
EndProject
Global
	GlobalSection(SolutionConfigurationPlatforms) = preSolution
		Debug|Any CPU = Debug|Any CPU
		Release|Any CPU = Release|Any CPU
	EndGlobalSection
	GlobalSection(ProjectConfigurationPlatforms) = postSolution
		{A2A59958-3027-4653-A7C8-4073C6C26AA5}.Debug|Any CPU.ActiveCfg = Debug|Any CPU
		{A2A59958-3027-4653-A7C8-4073C6C26AA5}.Debug|Any CPU.Build.0 = Debug|Any CPU
		{A2A59958-3027-4653-A7C8-4073C6C26AA5}.Release|Any CPU.ActiveCfg = Release|Any CPU
		{A2A59958-3027-4653-A7C8-4073C6C26AA5}.Release|Any CPU.Build.0 = Release|Any CPU
	EndGlobalSection
	GlobalSection(SolutionProperties) = preSolution
		HideSolutionNode = FALSE
	EndGlobalSection
	GlobalSection(ExtensibilityGlobals) = postSolution
		SolutionGuid = {4379269E-5361-4600-8225-4F39D0D973B0}
	EndGlobalSection
EndGlobal
